
Microsoft Visual Studio Solution File, Format Version 12.00
# Visual Studio Version 16
VisualStudioVersion = 16.0.30330.147
MinimumVisualStudioVersion = 10.0.40219.1
Project("{FAE04EC0-301F-11D3-BF4B-00C04F79EFBC}") = "Horizon Contabilidade", "Horizon Contabilidade\Horizon Contabilidade.csproj", "{FE1F14CC-B269-458B-B299-4200D42F997D}"
EndProject
Global
	GlobalSection(SolutionConfigurationPlatforms) = preSolution
		Debug|Any CPU = Debug|Any CPU
		Release|Any CPU = Release|Any CPU
	EndGlobalSection
	GlobalSection(ProjectConfigurationPlatforms) = postSolution
		{FE1F14CC-B269-458B-B299-4200D42F997D}.Debug|Any CPU.ActiveCfg = Debug|Any CPU
		{FE1F14CC-B269-458B-B299-4200D42F997D}.Debug|Any CPU.Build.0 = Debug|Any CPU
		{FE1F14CC-B269-458B-B299-4200D42F997D}.Release|Any CPU.ActiveCfg = Release|Any CPU
		{FE1F14CC-B269-458B-B299-4200D42F997D}.Release|Any CPU.Build.0 = Release|Any CPU
	EndGlobalSection
	GlobalSection(SolutionProperties) = preSolution
		HideSolutionNode = FALSE
	EndGlobalSection
	GlobalSection(ExtensibilityGlobals) = postSolution
		SolutionGuid = {6AA3F937-EFD4-4725-91B6-A9323BB25F9F}
	EndGlobalSection
EndGlobal
